
Microsoft Visual Studio Solution File, Format Version 12.00
# Visual Studio Version 17
VisualStudioVersion = 17.10.35013.160
MinimumVisualStudioVersion = 10.0.40219.1
Project("{8BC9CEB8-8B4A-11D0-8D11-00A0C91BC942}") = "CPPStudyTestCoding", "CPPStudyTestCoding.vcxproj", "{7427DFC1-78D5-4C3A-A8B7-52FE7CABC4A3}"
EndProject
Global
	GlobalSection(SolutionConfigurationPlatforms) = preSolution
		Debug|x64 = Debug|x64
		Debug|x86 = Debug|x86
		Release|x64 = Release|x64
		Release|x86 = Release|x86
	EndGlobalSection
	GlobalSection(ProjectConfigurationPlatforms) = postSolution
		{7427DFC1-78D5-4C3A-A8B7-52FE7CABC4A3}.Debug|x64.ActiveCfg = Debug|x64
		{7427DFC1-78D5-4C3A-A8B7-52FE7CABC4A3}.Debug|x64.Build.0 = Debug|x64
		{7427DFC1-78D5-4C3A-A8B7-52FE7CABC4A3}.Debug|x86.ActiveCfg = Debug|Win32
		{7427DFC1-78D5-4C3A-A8B7-52FE7CABC4A3}.Debug|x86.Build.0 = Debug|Win32
		{7427DFC1-78D5-4C3A-A8B7-52FE7CABC4A3}.Release|x64.ActiveCfg = Release|x64
		{7427DFC1-78D5-4C3A-A8B7-52FE7CABC4A3}.Release|x64.Build.0 = Release|x64
		{7427DFC1-78D5-4C3A-A8B7-52FE7CABC4A3}.Release|x86.ActiveCfg = Release|Win32
		{7427DFC1-78D5-4C3A-A8B7-52FE7CABC4A3}.Release|x86.Build.0 = Release|Win32
	EndGlobalSection
	GlobalSection(SolutionProperties) = preSolution
		HideSolutionNode = FALSE
	EndGlobalSection
	GlobalSection(ExtensibilityGlobals) = postSolution
		SolutionGuid = {E8AA7329-4C25-40D3-A2C7-28E42CD317B7}
	EndGlobalSection
EndGlobal
